
Microsoft Visual Studio Solution File, Format Version 12.00
# Visual Studio Version 17
VisualStudioVersion = 17.5.002.0
MinimumVisualStudioVersion = 10.0.40219.1
Project("{2150E333-8FDC-42A3-9474-1A3956D46DE8}") = "src", "src", "{53BDB658-0FC9-4F82-9AC4-16B42626C542}"
EndProject
Project("{9A19103F-16F7-4668-BE54-9A1E7A4F7556}") = "Generator", "src\Generator\Generator.csproj", "{2F5EC329-D0BD-4705-8140-F9C2FE5C370D}"
EndProject
Project("{9A19103F-16F7-4668-BE54-9A1E7A4F7556}") = "KafkaProducer", "src\KafkaProducer\KafkaProducer.csproj", "{B9A19C5E-18E6-466B-9E73-7B513937A16D}"
EndProject
Global
	GlobalSection(SolutionConfigurationPlatforms) = preSolution
		Debug|Any CPU = Debug|Any CPU
		Release|Any CPU = Release|Any CPU
	EndGlobalSection
	GlobalSection(ProjectConfigurationPlatforms) = postSolution
		{2F5EC329-D0BD-4705-8140-F9C2FE5C370D}.Debug|Any CPU.ActiveCfg = Debug|Any CPU
		{2F5EC329-D0BD-4705-8140-F9C2FE5C370D}.Debug|Any CPU.Build.0 = Debug|Any CPU
		{2F5EC329-D0BD-4705-8140-F9C2FE5C370D}.Release|Any CPU.ActiveCfg = Release|Any CPU
		{2F5EC329-D0BD-4705-8140-F9C2FE5C370D}.Release|Any CPU.Build.0 = Release|Any CPU
		{B9A19C5E-18E6-466B-9E73-7B513937A16D}.Debug|Any CPU.ActiveCfg = Debug|Any CPU
		{B9A19C5E-18E6-466B-9E73-7B513937A16D}.Debug|Any CPU.Build.0 = Debug|Any CPU
		{B9A19C5E-18E6-466B-9E73-7B513937A16D}.Release|Any CPU.ActiveCfg = Release|Any CPU
		{B9A19C5E-18E6-466B-9E73-7B513937A16D}.Release|Any CPU.Build.0 = Release|Any CPU
	EndGlobalSection
	GlobalSection(SolutionProperties) = preSolution
		HideSolutionNode = FALSE
	EndGlobalSection
	GlobalSection(NestedProjects) = preSolution
		{2F5EC329-D0BD-4705-8140-F9C2FE5C370D} = {53BDB658-0FC9-4F82-9AC4-16B42626C542}
		{B9A19C5E-18E6-466B-9E73-7B513937A16D} = {53BDB658-0FC9-4F82-9AC4-16B42626C542}
	EndGlobalSection
	GlobalSection(ExtensibilityGlobals) = postSolution
		SolutionGuid = {19600204-2FB1-4F0C-B3AD-AD7AE78AD1E5}
	EndGlobalSection
EndGlobal
